{
  "name": "selenium-ide2js",
  "version": "1.0.0",
  "lockfileVersion": 1,
  "requires": true,
  "dependencies": {
    "@seleniumhq/side-model": {
      "version": "3.17.0",
      "resolved": "https://registry.npmjs.org/@seleniumhq/side-model/-/side-model-3.17.0.tgz",
      "integrity": "sha512-70BMsF8j/+GzsrGhRDO4KLuHQoyg+vapYZCY9z7O0jFtN3KvxG4Tr97dKmMSu9Tx/Z1zHjxEisicLGvC1hnjSw=="
    },
    "@seleniumhq/side-utils": {
      "version": "3.17.0",
      "resolved": "https://registry.npmjs.org/@seleniumhq/side-utils/-/side-utils-3.17.0.tgz",
      "integrity": "sha512-R2BsfIfx8URlFVv6JFNmYvjBvmi0M6spvTn19G3a68bpGjPWaXKi3ZWWV38TKxDQF7L5wfv75zMM1JOGNnHHuA==",
      "requires": {
        "@seleniumhq/side-model": "^3.17.0",
        "ua-parser-js": "^0.7.17"
      }
    },
    "selianize": {
      "version": "3.17.0",
      "resolved": "https://registry.npmjs.org/selianize/-/selianize-3.17.0.tgz",
      "integrity": "sha512-90xuzriZdcrXAaiRXUJ8pgH85pQxtz9K+EYz6HUGnwQinHJi7IHZNKzN6yJ2pzTvaU2vnFbXsBtDNT9sbIyd8g==",
      "requires": {
        "@seleniumhq/side-model": "^3.17.0",
        "@seleniumhq/side-utils": "^3.17.0"
      }
    },
    "ua-parser-js": {
      "version": "0.7.21",
      "resolved": "https://registry.npmjs.org/ua-parser-js/-/ua-parser-js-0.7.21.tgz",
      "integrity": "sha512-+O8/qh/Qj8CgC6eYBVBykMrNtp5Gebn4dlGD/kKXVkJNDwyrAwSIqwz8CDf+tsAIWVycKcku6gIXJ0qwx/ZXaQ=="
    }
  }
}
